{
  "name": "monograph-blueprint",
  "version": "1.0.0",
  "lockfileVersion": 3,
  "requires": true,
  "packages": {
    "": {
      "name": "monograph-blueprint",
      "version": "1.0.0",
      "license": "ISC",
      "devDependencies": {
        "mystmd": "^1.6.1"
      }
    },
    "node_modules/mystmd": {
      "version": "1.6.1",
      "resolved": "https://registry.npmjs.org/mystmd/-/mystmd-1.6.1.tgz",
      "integrity": "sha512-jrqXTYtKAfy3wtnXwoPSEFO9POHTe2QYI16lZAhNw1FvfWkdTmpDys8vNfXDsTWFRmRdKeDg30MdebDcnhSKxQ==",
      "dev": true,
      "bin": {
        "myst": "dist/myst.cjs"
      }
    }
  }
}
